// !$*UTF8*$!
{
	archiveVersion = 1;
	classes = {
	};
	objectVersion = 48;
	objects = {

/* Begin PBXBuildFile section */
		B5902DEB1FD3E81700EBB501 /* AppDelegate.swift in Sources */ = {isa = PBXBuildFile; fileRef = B5902DEA1FD3E81700EBB501 /* AppDelegate.swift */; };
		B5902DED1FD3E81700EBB501 /* ViewController.swift in Sources */ = {isa = PBXBuildFile; fileRef = B5902DEC1FD3E81700EBB501 /* ViewController.swift */; };
		B5902DF01FD3E81700EBB501 /* Main.storyboard in Resources */ = {isa = PBXBuildFile; fileRef = B5902DEE1FD3E81700EBB501 /* Main.storyboard */; };
		B5902DF21FD3E81700EBB501 /* Assets.xcassets in Resources */ = {isa = PBXBuildFile; fileRef = B5902DF11FD3E81700EBB501 /* Assets.xcassets */; };
		B5902DF51FD3E81700EBB501 /* LaunchScreen.storyboard in Resources */ = {isa = PBXBuildFile; fileRef = B5902DF31FD3E81700EBB501 /* LaunchScreen.storyboard */; };
		DD7151D242EAEE7589000857 /* Pods_Luu_Mart.framework in Frameworks */ = {isa = PBXBuildFile; fileRef = 7724EA2358C5E5823A497707 /* Pods_Luu_Mart.framework */; };
/* End PBXBuildFile section */

/* Begin PBXFileReference section */
		1C621BC59B47B623FB909AA4 /* Pods-Luu Mart.release.xcconfig */ = {isa = PBXFileReference; includeInIndex = 1; lastKnownFileType = text.xcconfig; name = "Pods-Luu Mart.release.xcconfig"; path = "Pods/Target Support Files/Pods-Luu Mart/Pods-Luu Mart.release.xcconfig"; sourceTree = "<group>"; };
		7724EA2358C5E5823A497707 /* Pods_Luu_Mart.framework */ = {isa = PBXFileReference; explicitFileType = wrapper.framework; includeInIndex = 0; path = Pods_Luu_Mart.framework; sourceTree = BUILT_PRODUCTS_DIR; };
		AE4FBCCF3BD3606B3653ADFE /* Pods-Luu Mart.debug.xcconfig */ = {isa = PBXFileReference; includeInIndex = 1; lastKnownFileType = text.xcconfig; name = "Pods-Luu Mart.debug.xcconfig"; path = "Pods/Target Support Files/Pods-Luu Mart/Pods-Luu Mart.debug.xcconfig"; sourceTree = "<group>"; };
		B5902DE71FD3E81700EBB501 /* Luu Mart.app */ = {isa = PBXFileReference; explicitFileType = wrapper.application; includeInIndex = 0; path = "Luu Mart.app"; sourceTree = BUILT_PRODUCTS_DIR; };
		B5902DEA1FD3E81700EBB501 /* AppDelegate.swift */ = {isa = PBXFileReference; lastKnownFileType = sourcecode.swift; path = AppDelegate.swift; sourceTree = "<group>"; };
		B5902DEC1FD3E81700EBB501 /* ViewController.swift */ = {isa = PBXFileReference; lastKnownFileType = sourcecode.swift; path = ViewController.swift; sourceTree = "<group>"; };
		B5902DEF1FD3E81700EBB501 /* Base */ = {isa = PBXFileReference; lastKnownFileType = file.storyboard; name = Base; path = Base.lproj/Main.storyboard; sourceTree = "<group>"; };
		B5902DF11FD3E81700EBB501 /* Assets.xcassets */ = {isa = PBXFileReference; lastKnownFileType = folder.assetcatalog; path = Assets.xcassets; sourceTree = "<group>"; };
		B5902DF41FD3E81700EBB501 /* Base */ = {isa = PBXFileReference; lastKnownFileType = file.storyboard; name = Base; path = Base.lproj/LaunchScreen.storyboard; sourceTree = "<group>"; };
		B5902DF61FD3E81700EBB501 /* Info.plist */ = {isa = PBXFileReference; lastKnownFileType = text.plist.xml; path = Info.plist; sourceTree = "<group>"; };
/* End PBXFileReference section */

/* Begin PBXFrameworksBuildPhase section */
		B5902DE41FD3E81700EBB501 /* Frameworks */ = {
			isa = PBXFrameworksBuildPhase;
			buildActionMask = 2147483647;
			files = (
				DD7151D242EAEE7589000857 /* Pods_Luu_Mart.framework in Frameworks */,
			);
			runOnlyForDeploymentPostprocessing = 0;
		};
/* End PBXFrameworksBuildPhase section */

/* Begin PBXGroup section */
		874E46180E41DB2834FD11D6 /* Pods */ = {
			isa = PBXGroup;
			children = (
				AE4FBCCF3BD3606B3653ADFE /* Pods-Luu Mart.debug.xcconfig */,
				1C621BC59B47B623FB909AA4 /* Pods-Luu Mart.release.xcconfig */,
			);
			name = Pods;
			sourceTree = "<group>";
		};
		8B0CD0397140AE30CB6E60F7 /* Frameworks */ = {
			isa = PBXGroup;
			children = (
				7724EA2358C5E5823A497707 /* Pods_Luu_Mart.framework */,
			);
			name = Frameworks;
			sourceTree = "<group>";
		};
		B5902DDE1FD3E81700EBB501 = {
			isa = PBXGroup;
			children = (
				B5902DE91FD3E81700EBB501 /* Luu Mart */,
				B5902DE81FD3E81700EBB501 /* Products */,
				874E46180E41DB2834FD11D6 /* Pods */,
				8B0CD0397140AE30CB6E60F7 /* Frameworks */,
			);
			sourceTree = "<group>";
		};
		B5902DE81FD3E81700EBB501 /* Products */ = {
			isa = PBXGroup;
			children = (
				B5902DE71FD3E81700EBB501 /* Luu Mart.app */,
			);
			name = Products;
			sourceTree = "<group>";
		};
		B5902DE91FD3E81700EBB501 /* Luu Mart */ = {
			isa = PBXGroup;
			children = (
				B5902DEA1FD3E81700EBB501 /* AppDelegate.swift */,
				B5902DEC1FD3E81700EBB501 /* ViewController.swift */,
				B5902DEE1FD3E81700EBB501 /* Main.storyboard */,
				B5902DF11FD3E81700EBB501 /* Assets.xcassets */,
				B5902DF31FD3E81700EBB501 /* LaunchScreen.storyboard */,
				B5902DF61FD3E81700EBB501 /* Info.plist */,
			);
			path = "Luu Mart";
			sourceTree = "<group>";
		};
/* End PBXGroup section */

/* Begin PBXNativeTarget section */
		B5902DE61FD3E81700EBB501 /* Luu Mart */ = {
			isa = PBXNativeTarget;
			buildConfigurationList = B5902DF91FD3E81700EBB501 /* Build configuration list for PBXNativeTarget "Luu Mart" */;
			buildPhases = (
				BE8F859AC1CDDAD5BA17ADC6 /* [CP] Check Pods Manifest.lock */,
				B5902DE31FD3E81700EBB501 /* Sources */,
				B5902DE41FD3E81700EBB501 /* Frameworks */,
				B5902DE51FD3E81700EBB501 /* Resources */,
				E06A5F95D8B1BB864FE73B8D /* [CP] Embed Pods Frameworks */,
				7B3DF429231BFF5DB4A6FC0B /* [CP] Copy Pods Resources */,
			);
			buildRules = (
			);
			dependencies = (
			);
			name = "Luu Mart";
			productName = "Luu Mart";
			productReference = B5902DE71FD3E81700EBB501 /* Luu Mart.app */;
			productType = "com.apple.product-type.application";
		};
/* End PBXNativeTarget section */

/* Begin PBXProject section */
		B5902DDF1FD3E81700EBB501 /* Project object */ = {
			isa = PBXProject;
			attributes = {
				LastSwiftUpdateCheck = 0910;
				LastUpgradeCheck = 0910;
				ORGANIZATIONNAME = "Stanley Phu";
				TargetAttributes = {
					B5902DE61FD3E81700EBB501 = {
						CreatedOnToolsVersion = 9.1;
						ProvisioningStyle = Automatic;
					};
				};
			};
			buildConfigurationList = B5902DE21FD3E81700EBB501 /* Build configuration list for PBXProject "Luu Mart" */;
			compatibilityVersion = "Xcode 8.0";
			developmentRegion = en;
			hasScannedForEncodings = 0;
			knownRegions = (
				en,
				Base,
			);
			mainGroup = B5902DDE1FD3E81700EBB501;
			productRefGroup = B5902DE81FD3E81700EBB501 /* Products */;
			projectDirPath = "";
			projectRoot = "";
			targets = (
				B5902DE61FD3E81700EBB501 /* Luu Mart */,
			);
		};
/* End PBXProject section */

/* Begin PBXResourcesBuildPhase section */
		B5902DE51FD3E81700EBB501 /* Resources */ = {
			isa = PBXResourcesBuildPhase;
			buildActionMask = 2147483647;
			files = (
				B5902DF51FD3E81700EBB501 /* LaunchScreen.storyboard in Resources */,
				B5902DF21FD3E81700EBB501 /* Assets.xcassets in Resources */,
				B5902DF01FD3E81700EBB501 /* Main.storyboard in Resources */,
			);
			runOnlyForDeploymentPostprocessing = 0;
		};
/* End PBXResourcesBuildPhase section */

/* Begin PBXShellScriptBuildPhase section */
		7B3DF429231BFF5DB4A6FC0B /* [CP] Copy Pods Resources */ = {
			isa = PBXShellScriptBuildPhase;
			buildActionMask = 2147483647;
			files = (
			);
			inputPaths = (
			);
			name = "[CP] Copy Pods Resources";
			outputPaths = (
			);
			runOnlyForDeploymentPostprocessing = 0;
			shellPath = /bin/sh;
			shellScript = "\"${SRCROOT}/Pods/Target Support Files/Pods-Luu Mart/Pods-Luu Mart-resources.sh\"\n";
			showEnvVarsInLog = 0;
		};
		BE8F859AC1CDDAD5BA17ADC6 /* [CP] Check Pods Manifest.lock */ = {
			isa = PBXShellScriptBuildPhase;
			buildActionMask = 2147483647;
			files = (
			);
			inputPaths = (
				"${PODS_PODFILE_DIR_PATH}/Podfile.lock",
				"${PODS_ROOT}/Manifest.lock",
			);
			name = "[CP] Check Pods Manifest.lock";
			outputPaths = (
				"$(DERIVED_FILE_DIR)/Pods-Luu Mart-checkManifestLockResult.txt",
			);
			runOnlyForDeploymentPostprocessing = 0;
			shellPath = /bin/sh;
			shellScript = "diff \"${PODS_PODFILE_DIR_PATH}/Podfile.lock\" \"${PODS_ROOT}/Manifest.lock\" > /dev/null\nif [ $? != 0 ] ; then\n    # print error to STDERR\n    echo \"error: The sandbox is not in sync with the Podfile.lock. Run 'pod install' or update your CocoaPods installation.\" >&2\n    exit 1\nfi\n# This output is used by Xcode 'outputs' to avoid re-running this script phase.\necho \"SUCCESS\" > \"${SCRIPT_OUTPUT_FILE_0}\"\n";
			showEnvVarsInLog = 0;
		};
		E06A5F95D8B1BB864FE73B8D /* [CP] Embed Pods Frameworks */ = {
			isa = PBXShellScriptBuildPhase;
			buildActionMask = 2147483647;
			files = (
			);
			inputPaths = (
				"${SRCROOT}/Pods/Target Support Files/Pods-Luu Mart/Pods-Luu Mart-frameworks.sh",
				"${BUILT_PRODUCTS_DIR}/ChameleonFramework/ChameleonFramework.framework",
				"${BUILT_PRODUCTS_DIR}/GTMSessionFetcher/GTMSessionFetcher.framework",
				"${BUILT_PRODUCTS_DIR}/GoogleToolboxForMac/GoogleToolboxForMac.framework",
				"${BUILT_PRODUCTS_DIR}/SVProgressHUD/SVProgressHUD.framework",
				"${BUILT_PRODUCTS_DIR}/leveldb-library/leveldb.framework",
				"${BUILT_PRODUCTS_DIR}/nanopb/nanopb.framework",
			);
			name = "[CP] Embed Pods Frameworks";
			outputPaths = (
				"${TARGET_BUILD_DIR}/${FRAMEWORKS_FOLDER_PATH}/ChameleonFramework.framework",
				"${TARGET_BUILD_DIR}/${FRAMEWORKS_FOLDER_PATH}/GTMSessionFetcher.framework",
				"${TARGET_BUILD_DIR}/${FRAMEWORKS_FOLDER_PATH}/GoogleToolboxForMac.framework",
				"${TARGET_BUILD_DIR}/${FRAMEWORKS_FOLDER_PATH}/SVProgressHUD.framework",
				"${TARGET_BUILD_DIR}/${FRAMEWORKS_FOLDER_PATH}/leveldb.framework",
				"${TARGET_BUILD_DIR}/${FRAMEWORKS_FOLDER_PATH}/nanopb.framework",
			);
			runOnlyForDeploymentPostprocessing = 0;
			shellPath = /bin/sh;
			shellScript = "\"${SRCROOT}/Pods/Target Support Files/Pods-Luu Mart/Pods-Luu Mart-frameworks.sh\"\n";
			showEnvVarsInLog = 0;
		};
/* End PBXShellScriptBuildPhase section */

/* Begin PBXSourcesBuildPhase section */
		B5902DE31FD3E81700EBB501 /* Sources */ = {
			isa = PBXSourcesBuildPhase;
			buildActionMask = 2147483647;
			files = (
				B5902DED1FD3E81700EBB501 /* ViewController.swift in Sources */,
				B5902DEB1FD3E81700EBB501 /* AppDelegate.swift in Sources */,
			);
			runOnlyForDeploymentPostprocessing = 0;
		};
/* End PBXSourcesBuildPhase section */

/* Begin PBXVariantGroup section */
		B5902DEE1FD3E81700EBB501 /* Main.storyboard */ = {
			isa = PBXVariantGroup;
			children = (
				B5902DEF1FD3E81700EBB501 /* Base */,
			);
			name = Main.storyboard;
			sourceTree = "<group>";
		};
		B5902DF31FD3E81700EBB501 /* LaunchScreen.storyboard */ = {
			isa = PBXVariantGroup;
			children = (
				B5902DF41FD3E81700EBB501 /* Base */,
			);
			name = LaunchScreen.storyboard;
			sourceTree = "<group>";
		};
/* End PBXVariantGroup section */

/* Begin XCBuildConfiguration section */
		B5902DF71FD3E81700EBB501 /* Debug */ = {
			isa = XCBuildConfiguration;
			buildSettings = {
				ALWAYS_SEARCH_USER_PATHS = NO;
				CLANG_ANALYZER_NONNULL = YES;
				CLANG_ANALYZER_NUMBER_OBJECT_CONVERSION = YES_AGGRESSIVE;
				CLANG_CXX_LANGUAGE_STANDARD = "gnu++14";
				CLANG_CXX_LIBRARY = "libc++";
				CLANG_ENABLE_MODULES = YES;
				CLANG_ENABLE_OBJC_ARC = YES;
				CLANG_WARN_BLOCK_CAPTURE_AUTORELEASING = YES;
				CLANG_WARN_BOOL_CONVERSION = YES;
				CLANG_WARN_COMMA = YES;
				CLANG_WARN_CONSTANT_CONVERSION = YES;
				CLANG_WARN_DIRECT_OBJC_ISA_USAGE = YES_ERROR;
				CLANG_WARN_DOCUMENTATION_COMMENTS = YES;
				CLANG_WARN_EMPTY_BODY = YES;
				CLANG_WARN_ENUM_CONVERSION = YES;
				CLANG_WARN_INFINITE_RECURSION = YES;
				CLANG_WARN_INT_CONVERSION = YES;
				CLANG_WARN_NON_LITERAL_NULL_CONVERSION = YES;
				CLANG_WARN_OBJC_LITERAL_CONVERSION = YES;
				CLANG_WARN_OBJC_ROOT_CLASS = YES_ERROR;
				CLANG_WARN_RANGE_LOOP_ANALYSIS = YES;
				CLANG_WARN_STRICT_PROTOTYPES = YES;
				CLANG_WARN_SUSPICIOUS_MOVE = YES;
				CLANG_WARN_UNGUARDED_AVAILABILITY = YES_AGGRESSIVE;
				CLANG_WARN_UNREACHABLE_CODE = YES;
				CLANG_WARN__DUPLICATE_METHOD_MATCH = YES;
				CODE_SIGN_IDENTITY = "iPhone Developer";
				COPY_PHASE_STRIP = NO;
				DEBUG_INFORMATION_FORMAT = dwarf;
				ENABLE_STRICT_OBJC_MSGSEND = YES;
				ENABLE_TESTABILITY = YES;
				GCC_C_LANGUAGE_STANDARD = gnu11;
				GCC_DYNAMIC_NO_PIC = NO;
				GCC_NO_COMMON_BLOCKS = YES;
				GCC_OPTIMIZATION_LEVEL = 0;
				GCC_PREPROCESSOR_DEFINITIONS = (
					"DEBUG=1",
					"$(inherited)",
				);
				GCC_WARN_64_TO_32_BIT_CONVERSION = YES;
				GCC_WARN_ABOUT_RETURN_TYPE = YES_ERROR;
				GCC_WARN_UNDECLARED_SELECTOR = YES;
				GCC_WARN_UNINITIALIZED_AUTOS = YES_AGGRESSIVE;
				GCC_WARN_UNUSED_FUNCTION = YES;
				GCC_WARN_UNUSED_VARIABLE = YES;
				IPHONEOS_DEPLOYMENT_TARGET = 11.1;
				MTL_ENABLE_DEBUG_INFO = YES;
				ONLY_ACTIVE_ARCH = YES;
				SDKROOT = iphoneos;
				SWIFT_ACTIVE_COMPILATION_CONDITIONS = DEBUG;
				SWIFT_OPTIMIZATION_LEVEL = "-Onone";
			};
			name = Debug;
		};
		B5902DF81FD3E81700EBB501 /* Release */ = {
			isa = XCBuildConfiguration;
			buildSettings = {
				ALWAYS_SEARCH_USER_PATHS = NO;
				CLANG_ANALYZER_NONNULL = YES;
				CLANG_ANALYZER_NUMBER_OBJECT_CONVERSION = YES_AGGRESSIVE;
				CLANG_CXX_LANGUAGE_STANDARD = "gnu++14";
				CLANG_CXX_LIBRARY = "libc++";
				CLANG_ENABLE_MODULES = YES;
				CLANG_ENABLE_OBJC_ARC = YES;
				CLANG_WARN_BLOCK_CAPTURE_AUTORELEASING = YES;
				CLANG_WARN_BOOL_CONVERSION = YES;
				CLANG_WARN_COMMA = YES;
				CLANG_WARN_CONSTANT_CONVERSION = YES;
				CLANG_WARN_DIRECT_OBJC_ISA_USAGE = YES_ERROR;
				CLANG_WARN_DOCUMENTATION_COMMENTS = YES;
				CLANG_WARN_EMPTY_BODY = YES;
				CLANG_WARN_ENUM_CONVERSION = YES;
				CLANG_WARN_INFINITE_RECURSION = YES;
				CLANG_WARN_INT_CONVERSION = YES;
				CLANG_WARN_NON_LITERAL_NULL_CONVERSION = YES;
				CLANG_WARN_OBJC_LITERAL_CONVERSION = YES;
				CLANG_WARN_OBJC_ROOT_CLASS = YES_ERROR;
				CLANG_WARN_RANGE_LOOP_ANALYSIS = YES;
				CLANG_WARN_STRICT_PROTOTYPES = YES;
				CLANG_WARN_SUSPICIOUS_MOVE = YES;
				CLANG_WARN_UNGUARDED_AVAILABILITY = YES_AGGRESSIVE;
				CLANG_WARN_UNREACHABLE_CODE = YES;
				CLANG_WARN__DUPLICATE_METHOD_MATCH = YES;
				CODE_SIGN_IDENTITY = "iPhone Developer";
				COPY_PHASE_STRIP = NO;
				DEBUG_INFORMATION_FORMAT = "dwarf-with-dsym";
				ENABLE_NS_ASSERTIONS = NO;
				ENABLE_STRICT_OBJC_MSGSEND = YES;
				GCC_C_LANGUAGE_STANDARD = gnu11;
				GCC_NO_COMMON_BLOCKS = YES;
				GCC_WARN_64_TO_32_BIT_CONVERSION = YES;
				GCC_WARN_ABOUT_RETURN_TYPE = YES_ERROR;
				GCC_WARN_UNDECLARED_SELECTOR = YES;
				GCC_WARN_UNINITIALIZED_AUTOS = YES_AGGRESSIVE;
				GCC_WARN_UNUSED_FUNCTION = YES;
				GCC_WARN_UNUSED_VARIABLE = YES;
				IPHONEOS_DEPLOYMENT_TARGET = 11.1;
				MTL_ENABLE_DEBUG_INFO = NO;
				SDKROOT = iphoneos;
				SWIFT_OPTIMIZATION_LEVEL = "-Owholemodule";
				VALIDATE_PRODUCT = YES;
			};
			name = Release;
		};
		B5902DFA1FD3E81700EBB501 /* Debug */ = {
			isa = XCBuildConfiguration;
			baseConfigurationReference = AE4FBCCF3BD3606B3653ADFE /* Pods-Luu Mart.debug.xcconfig */;
			buildSettings = {
				ASSETCATALOG_COMPILER_APPICON_NAME = AppIcon;
				CODE_SIGN_STYLE = Automatic;
				DEVELOPMENT_TEAM = FM8KX34TCE;
				INFOPLIST_FILE = "Luu Mart/Info.plist";
				LD_RUNPATH_SEARCH_PATHS = "$(inherited) @executable_path/Frameworks";
				PRODUCT_BUNDLE_IDENTIFIER = com.stanleyphu.LuuMart;
				PRODUCT_NAME = "$(TARGET_NAME)";
				SWIFT_VERSION = 4.0;
				TARGETED_DEVICE_FAMILY = "1,2";
			};
			name = Debug;
		};
		B5902DFB1FD3E81700EBB501 /* Release */ = {
			isa = XCBuildConfiguration;
			baseConfigurationReference = 1C621BC59B47B623FB909AA4 /* Pods-Luu Mart.release.xcconfig */;
			buildSettings = {
				ASSETCATALOG_COMPILER_APPICON_NAME = AppIcon;
				CODE_SIGN_STYLE = Automatic;
				DEVELOPMENT_TEAM = FM8KX34TCE;
				INFOPLIST_FILE = "Luu Mart/Info.plist";
				LD_RUNPATH_SEARCH_PATHS = "$(inherited) @executable_path/Frameworks";
				PRODUCT_BUNDLE_IDENTIFIER = com.stanleyphu.LuuMart;
				PRODUCT_NAME = "$(TARGET_NAME)";
				SWIFT_VERSION = 4.0;
				TARGETED_DEVICE_FAMILY = "1,2";
			};
			name = Release;
		};
/* End XCBuildConfiguration section */

/* Begin XCConfigurationList section */
		B5902DE21FD3E81700EBB501 /* Build configuration list for PBXProject "Luu Mart" */ = {
			isa = XCConfigurationList;
			buildConfigurations = (
				B5902DF71FD3E81700EBB501 /* Debug */,
				B5902DF81FD3E81700EBB501 /* Release */,
			);
			defaultConfigurationIsVisible = 0;
			defaultConfigurationName = Release;
		};
		B5902DF91FD3E81700EBB501 /* Build configuration list for PBXNativeTarget "Luu Mart" */ = {
			isa = XCConfigurationList;
			buildConfigurations = (
				B5902DFA1FD3E81700EBB501 /* Debug */,
				B5902DFB1FD3E81700EBB501 /* Release */,
			);
			defaultConfigurationIsVisible = 0;
			defaultConfigurationName = Release;
		};
/* End XCConfigurationList section */
	};
	rootObject = B5902DDF1FD3E81700EBB501 /* Project object */;
}
